
Microsoft Visual Studio Solution File, Format Version 12.00
# Visual Studio 15
VisualStudioVersion = 15.0.27130.2027
MinimumVisualStudioVersion = 10.0.40219.1
Project("{2150E333-8FDC-42A3-9474-1A3956D46DE8}") = "Foundation", "Foundation", "{943E5684-51E2-46DE-BF08-D37E78094F8C}"
EndProject
Project("{2150E333-8FDC-42A3-9474-1A3956D46DE8}") = "UnitTests", "UnitTests", "{1F6D091E-7BED-445C-A70B-1C013C21E77E}"
EndProject
Project("{9A19103F-16F7-4668-BE54-9A1E7A4F7556}") = "TestTraitsBusiness", "UnitTests\Apps\TestTraitsBusiness\TestTraitsBusiness.csproj", "{D0966AB6-14A8-4CD7-8FF0-EB436C58208D}"
EndProject
Project("{9A19103F-16F7-4668-BE54-9A1E7A4F7556}") = "TestTraitsData", "UnitTests\Apps\TestTraitsData\TestTraitsData.csproj", "{465E1B9F-F748-4739-80F3-EF78DA340946}"
EndProject
Project("{9A19103F-16F7-4668-BE54-9A1E7A4F7556}") = "TestTraitsProviderByReflection", "UnitTests\Apps\TestTraitsProviderByReflection\TestTraitsProviderByReflection.csproj", "{F4EB032E-5AE0-40AF-978C-F4A5AC733569}"
EndProject
Project("{2150E333-8FDC-42A3-9474-1A3956D46DE8}") = "Deploy", "Deploy", "{69CC6235-7602-4BA7-9EBB-C669B3598C10}"
EndProject
Project("{FAE04EC0-301F-11D3-BF4B-00C04F79EFBC}") = "TraitDiagnosticsCoreConsole", "Projects\TraitDiagnosticsCoreConsole\TraitDiagnosticsCoreConsole.csproj", "{237ECF4D-BAFC-427B-ACC2-8A4EB11A17E5}"
EndProject
Project("{FAE04EC0-301F-11D3-BF4B-00C04F79EFBC}") = "TraitsQuickStart.Business", "Foundation\TraitsQuickStart.Business\TraitsQuickStart.Business.csproj", "{3792716F-9278-40EF-AEF1-022611A527E8}"
EndProject
Project("{FAE04EC0-301F-11D3-BF4B-00C04F79EFBC}") = "TraitsQuickStart.Data", "Foundation\TraitsQuickStart.Data\TraitsQuickStart.Data.csproj", "{5297AF11-FCA8-4AE5-B177-AD28BF988AFF}"
EndProject
Project("{FAE04EC0-301F-11D3-BF4B-00C04F79EFBC}") = "TraitsQuickStart.ProvidersByReflection", "Foundation\TraitsQuickStart.ProvidersByReflection\TraitsQuickStart.ProvidersByReflection.csproj", "{D7083653-2270-4D1A-9863-AE1E7C29B890}"
EndProject
Global
	GlobalSection(SolutionConfigurationPlatforms) = preSolution
		Debug|Any CPU = Debug|Any CPU
		Release|Any CPU = Release|Any CPU
	EndGlobalSection
	GlobalSection(ProjectConfigurationPlatforms) = postSolution
		{D0966AB6-14A8-4CD7-8FF0-EB436C58208D}.Debug|Any CPU.ActiveCfg = Debug|Any CPU
		{D0966AB6-14A8-4CD7-8FF0-EB436C58208D}.Debug|Any CPU.Build.0 = Debug|Any CPU
		{D0966AB6-14A8-4CD7-8FF0-EB436C58208D}.Release|Any CPU.ActiveCfg = Release|Any CPU
		{D0966AB6-14A8-4CD7-8FF0-EB436C58208D}.Release|Any CPU.Build.0 = Release|Any CPU
		{465E1B9F-F748-4739-80F3-EF78DA340946}.Debug|Any CPU.ActiveCfg = Debug|Any CPU
		{465E1B9F-F748-4739-80F3-EF78DA340946}.Debug|Any CPU.Build.0 = Debug|Any CPU
		{465E1B9F-F748-4739-80F3-EF78DA340946}.Release|Any CPU.ActiveCfg = Release|Any CPU
		{465E1B9F-F748-4739-80F3-EF78DA340946}.Release|Any CPU.Build.0 = Release|Any CPU
		{F4EB032E-5AE0-40AF-978C-F4A5AC733569}.Debug|Any CPU.ActiveCfg = Debug|Any CPU
		{F4EB032E-5AE0-40AF-978C-F4A5AC733569}.Debug|Any CPU.Build.0 = Debug|Any CPU
		{F4EB032E-5AE0-40AF-978C-F4A5AC733569}.Release|Any CPU.ActiveCfg = Release|Any CPU
		{F4EB032E-5AE0-40AF-978C-F4A5AC733569}.Release|Any CPU.Build.0 = Release|Any CPU
		{237ECF4D-BAFC-427B-ACC2-8A4EB11A17E5}.Debug|Any CPU.ActiveCfg = Debug|Any CPU
		{237ECF4D-BAFC-427B-ACC2-8A4EB11A17E5}.Debug|Any CPU.Build.0 = Debug|Any CPU
		{237ECF4D-BAFC-427B-ACC2-8A4EB11A17E5}.Release|Any CPU.ActiveCfg = Release|Any CPU
		{237ECF4D-BAFC-427B-ACC2-8A4EB11A17E5}.Release|Any CPU.Build.0 = Release|Any CPU
		{3792716F-9278-40EF-AEF1-022611A527E8}.Debug|Any CPU.ActiveCfg = Debug|Any CPU
		{3792716F-9278-40EF-AEF1-022611A527E8}.Debug|Any CPU.Build.0 = Debug|Any CPU
		{3792716F-9278-40EF-AEF1-022611A527E8}.Release|Any CPU.ActiveCfg = Release|Any CPU
		{3792716F-9278-40EF-AEF1-022611A527E8}.Release|Any CPU.Build.0 = Release|Any CPU
		{5297AF11-FCA8-4AE5-B177-AD28BF988AFF}.Debug|Any CPU.ActiveCfg = Debug|Any CPU
		{5297AF11-FCA8-4AE5-B177-AD28BF988AFF}.Debug|Any CPU.Build.0 = Debug|Any CPU
		{5297AF11-FCA8-4AE5-B177-AD28BF988AFF}.Release|Any CPU.ActiveCfg = Release|Any CPU
		{5297AF11-FCA8-4AE5-B177-AD28BF988AFF}.Release|Any CPU.Build.0 = Release|Any CPU
		{D7083653-2270-4D1A-9863-AE1E7C29B890}.Debug|Any CPU.ActiveCfg = Debug|Any CPU
		{D7083653-2270-4D1A-9863-AE1E7C29B890}.Debug|Any CPU.Build.0 = Debug|Any CPU
		{D7083653-2270-4D1A-9863-AE1E7C29B890}.Release|Any CPU.ActiveCfg = Release|Any CPU
		{D7083653-2270-4D1A-9863-AE1E7C29B890}.Release|Any CPU.Build.0 = Release|Any CPU
	EndGlobalSection
	GlobalSection(SolutionProperties) = preSolution
		HideSolutionNode = FALSE
	EndGlobalSection
	GlobalSection(NestedProjects) = preSolution
		{D0966AB6-14A8-4CD7-8FF0-EB436C58208D} = {1F6D091E-7BED-445C-A70B-1C013C21E77E}
		{465E1B9F-F748-4739-80F3-EF78DA340946} = {1F6D091E-7BED-445C-A70B-1C013C21E77E}
		{F4EB032E-5AE0-40AF-978C-F4A5AC733569} = {1F6D091E-7BED-445C-A70B-1C013C21E77E}
		{237ECF4D-BAFC-427B-ACC2-8A4EB11A17E5} = {69CC6235-7602-4BA7-9EBB-C669B3598C10}
		{3792716F-9278-40EF-AEF1-022611A527E8} = {943E5684-51E2-46DE-BF08-D37E78094F8C}
		{5297AF11-FCA8-4AE5-B177-AD28BF988AFF} = {943E5684-51E2-46DE-BF08-D37E78094F8C}
		{D7083653-2270-4D1A-9863-AE1E7C29B890} = {943E5684-51E2-46DE-BF08-D37E78094F8C}
	EndGlobalSection
	GlobalSection(ExtensibilityGlobals) = postSolution
		SolutionGuid = {DFF4C7B1-57E3-4BEE-80F1-48EC77A6EE8D}
	EndGlobalSection
EndGlobal
