
Microsoft Visual Studio Solution File, Format Version 12.00
# Visual Studio 15
VisualStudioVersion = 15.0.27130.2027
MinimumVisualStudioVersion = 10.0.40219.1
Project("{2150E333-8FDC-42A3-9474-1A3956D46DE8}") = "Foundation", "Foundation", "{943E5684-51E2-46DE-BF08-D37E78094F8C}"
EndProject
Project("{2150E333-8FDC-42A3-9474-1A3956D46DE8}") = "UnitTests", "UnitTests", "{1F6D091E-7BED-445C-A70B-1C013C21E77E}"
EndProject
Project("{9A19103F-16F7-4668-BE54-9A1E7A4F7556}") = "TestTraitsBusiness", "UnitTests\Apps\TestTraitsBusiness\TestTraitsBusiness.csproj", "{D0966AB6-14A8-4CD7-8FF0-EB436C58208D}"
EndProject
Project("{9A19103F-16F7-4668-BE54-9A1E7A4F7556}") = "TestTraitsData", "UnitTests\Apps\TestTraitsData\TestTraitsData.csproj", "{465E1B9F-F748-4739-80F3-EF78DA340946}"
EndProject
Project("{9A19103F-16F7-4668-BE54-9A1E7A4F7556}") = "TestTraitsProviderByReflection", "UnitTests\Apps\TestTraitsProviderByReflection\TestTraitsProviderByReflection.csproj", "{F4EB032E-5AE0-40AF-978C-F4A5AC733569}"
EndProject
Project("{FAE04EC0-301F-11D3-BF4B-00C04F79EFBC}") = "Rwc.Traits.Data", "Foundation\Rwc.Traits.Data\Rwc.Traits.Data.csproj", "{96C32AAA-BA19-4030-A636-C17D23AF06FA}"
EndProject
Project("{FAE04EC0-301F-11D3-BF4B-00C04F79EFBC}") = "Rwc.Traits.Business", "Foundation\Rwc.Traits.Business\Rwc.Traits.Business.csproj", "{27431FE9-418A-4D7F-AF1E-57B1EADDEB1B}"
EndProject
Project("{FAE04EC0-301F-11D3-BF4B-00C04F79EFBC}") = "Rwc.Traits.ProvidersByReflection", "Foundation\Rwc.Traits.ProvidersByReflection\Rwc.Traits.ProvidersByReflection.csproj", "{0F969FB6-1D77-468F-A4F9-251DBD5C21AF}"
EndProject
Global
	GlobalSection(SolutionConfigurationPlatforms) = preSolution
		Debug|Any CPU = Debug|Any CPU
		Release|Any CPU = Release|Any CPU
	EndGlobalSection
	GlobalSection(ProjectConfigurationPlatforms) = postSolution
		{D0966AB6-14A8-4CD7-8FF0-EB436C58208D}.Debug|Any CPU.ActiveCfg = Debug|Any CPU
		{D0966AB6-14A8-4CD7-8FF0-EB436C58208D}.Debug|Any CPU.Build.0 = Debug|Any CPU
		{D0966AB6-14A8-4CD7-8FF0-EB436C58208D}.Release|Any CPU.ActiveCfg = Release|Any CPU
		{D0966AB6-14A8-4CD7-8FF0-EB436C58208D}.Release|Any CPU.Build.0 = Release|Any CPU
		{465E1B9F-F748-4739-80F3-EF78DA340946}.Debug|Any CPU.ActiveCfg = Debug|Any CPU
		{465E1B9F-F748-4739-80F3-EF78DA340946}.Debug|Any CPU.Build.0 = Debug|Any CPU
		{465E1B9F-F748-4739-80F3-EF78DA340946}.Release|Any CPU.ActiveCfg = Release|Any CPU
		{465E1B9F-F748-4739-80F3-EF78DA340946}.Release|Any CPU.Build.0 = Release|Any CPU
		{F4EB032E-5AE0-40AF-978C-F4A5AC733569}.Debug|Any CPU.ActiveCfg = Debug|Any CPU
		{F4EB032E-5AE0-40AF-978C-F4A5AC733569}.Debug|Any CPU.Build.0 = Debug|Any CPU
		{F4EB032E-5AE0-40AF-978C-F4A5AC733569}.Release|Any CPU.ActiveCfg = Release|Any CPU
		{F4EB032E-5AE0-40AF-978C-F4A5AC733569}.Release|Any CPU.Build.0 = Release|Any CPU
		{96C32AAA-BA19-4030-A636-C17D23AF06FA}.Debug|Any CPU.ActiveCfg = Debug|Any CPU
		{96C32AAA-BA19-4030-A636-C17D23AF06FA}.Debug|Any CPU.Build.0 = Debug|Any CPU
		{96C32AAA-BA19-4030-A636-C17D23AF06FA}.Release|Any CPU.ActiveCfg = Release|Any CPU
		{96C32AAA-BA19-4030-A636-C17D23AF06FA}.Release|Any CPU.Build.0 = Release|Any CPU
		{27431FE9-418A-4D7F-AF1E-57B1EADDEB1B}.Debug|Any CPU.ActiveCfg = Debug|Any CPU
		{27431FE9-418A-4D7F-AF1E-57B1EADDEB1B}.Debug|Any CPU.Build.0 = Debug|Any CPU
		{27431FE9-418A-4D7F-AF1E-57B1EADDEB1B}.Release|Any CPU.ActiveCfg = Release|Any CPU
		{27431FE9-418A-4D7F-AF1E-57B1EADDEB1B}.Release|Any CPU.Build.0 = Release|Any CPU
		{0F969FB6-1D77-468F-A4F9-251DBD5C21AF}.Debug|Any CPU.ActiveCfg = Debug|Any CPU
		{0F969FB6-1D77-468F-A4F9-251DBD5C21AF}.Debug|Any CPU.Build.0 = Debug|Any CPU
		{0F969FB6-1D77-468F-A4F9-251DBD5C21AF}.Release|Any CPU.ActiveCfg = Release|Any CPU
		{0F969FB6-1D77-468F-A4F9-251DBD5C21AF}.Release|Any CPU.Build.0 = Release|Any CPU
	EndGlobalSection
	GlobalSection(SolutionProperties) = preSolution
		HideSolutionNode = FALSE
	EndGlobalSection
	GlobalSection(NestedProjects) = preSolution
		{D0966AB6-14A8-4CD7-8FF0-EB436C58208D} = {1F6D091E-7BED-445C-A70B-1C013C21E77E}
		{465E1B9F-F748-4739-80F3-EF78DA340946} = {1F6D091E-7BED-445C-A70B-1C013C21E77E}
		{F4EB032E-5AE0-40AF-978C-F4A5AC733569} = {1F6D091E-7BED-445C-A70B-1C013C21E77E}
		{96C32AAA-BA19-4030-A636-C17D23AF06FA} = {943E5684-51E2-46DE-BF08-D37E78094F8C}
		{27431FE9-418A-4D7F-AF1E-57B1EADDEB1B} = {943E5684-51E2-46DE-BF08-D37E78094F8C}
		{0F969FB6-1D77-468F-A4F9-251DBD5C21AF} = {943E5684-51E2-46DE-BF08-D37E78094F8C}
	EndGlobalSection
	GlobalSection(ExtensibilityGlobals) = postSolution
		SolutionGuid = {DFF4C7B1-57E3-4BEE-80F1-48EC77A6EE8D}
	EndGlobalSection
EndGlobal
